
Microsoft Visual Studio Solution File, Format Version 12.00
# Visual Studio 15
VisualStudioVersion = 15.0.28307.329
MinimumVisualStudioVersion = 10.0.40219.1
Project("{FAE04EC0-301F-11D3-BF4B-00C04F79EFBC}") = "CodeKata", "NUnitTestProject1\CodeKata.csproj", "{EC3C9929-CB3C-4FB8-A04E-1AC752CBACA7}"
EndProject
Global
	GlobalSection(SolutionConfigurationPlatforms) = preSolution
		Debug|Any CPU = Debug|Any CPU
		Release|Any CPU = Release|Any CPU
	EndGlobalSection
	GlobalSection(ProjectConfigurationPlatforms) = postSolution
		{EC3C9929-CB3C-4FB8-A04E-1AC752CBACA7}.Debug|Any CPU.ActiveCfg = Debug|Any CPU
		{EC3C9929-CB3C-4FB8-A04E-1AC752CBACA7}.Debug|Any CPU.Build.0 = Debug|Any CPU
		{EC3C9929-CB3C-4FB8-A04E-1AC752CBACA7}.Release|Any CPU.ActiveCfg = Release|Any CPU
		{EC3C9929-CB3C-4FB8-A04E-1AC752CBACA7}.Release|Any CPU.Build.0 = Release|Any CPU
	EndGlobalSection
	GlobalSection(SolutionProperties) = preSolution
		HideSolutionNode = FALSE
	EndGlobalSection
	GlobalSection(ExtensibilityGlobals) = postSolution
		SolutionGuid = {8A942FAB-832E-4E21-94F3-2D185FA4A31C}
	EndGlobalSection
EndGlobal
